
Microsoft Visual Studio Solution File, Format Version 12.00
# Visual Studio Version 16
VisualStudioVersion = 16.0.29326.143
MinimumVisualStudioVersion = 10.0.40219.1
Project("{9A19103F-16F7-4668-BE54-9A1E7A4F7556}") = "newton", "newton.csproj", "{8AB2E2E2-0698-49A7-9BAF-33A8F4B00121}"
EndProject
Project("{FAE04EC0-301F-11D3-BF4B-00C04F79EFBC}") = "max_finder", "..\max_finder\max_finder.csproj", "{4A19795A-8A96-4678-862C-484B6DDF34FA}"
EndProject
Global
	GlobalSection(SolutionConfigurationPlatforms) = preSolution
		Debug|Any CPU = Debug|Any CPU
		Release|Any CPU = Release|Any CPU
	EndGlobalSection
	GlobalSection(ProjectConfigurationPlatforms) = postSolution
		{8AB2E2E2-0698-49A7-9BAF-33A8F4B00121}.Debug|Any CPU.ActiveCfg = Debug|Any CPU
		{8AB2E2E2-0698-49A7-9BAF-33A8F4B00121}.Debug|Any CPU.Build.0 = Debug|Any CPU
		{8AB2E2E2-0698-49A7-9BAF-33A8F4B00121}.Release|Any CPU.ActiveCfg = Release|Any CPU
		{8AB2E2E2-0698-49A7-9BAF-33A8F4B00121}.Release|Any CPU.Build.0 = Release|Any CPU
		{4A19795A-8A96-4678-862C-484B6DDF34FA}.Debug|Any CPU.ActiveCfg = Debug|Any CPU
		{4A19795A-8A96-4678-862C-484B6DDF34FA}.Debug|Any CPU.Build.0 = Debug|Any CPU
		{4A19795A-8A96-4678-862C-484B6DDF34FA}.Release|Any CPU.ActiveCfg = Release|Any CPU
		{4A19795A-8A96-4678-862C-484B6DDF34FA}.Release|Any CPU.Build.0 = Release|Any CPU
	EndGlobalSection
	GlobalSection(SolutionProperties) = preSolution
		HideSolutionNode = FALSE
	EndGlobalSection
	GlobalSection(ExtensibilityGlobals) = postSolution
		SolutionGuid = {08EBAE8C-53DE-449A-8E2A-0A04E0A68DBD}
	EndGlobalSection
EndGlobal
